
Microsoft Visual Studio Solution File, Format Version 12.00
# Visual Studio Version 17
VisualStudioVersion = 17.6.33620.401
MinimumVisualStudioVersion = 10.0.40219.1
Project("{9A19103F-16F7-4668-BE54-9A1E7A4F7556}") = "ConsoleApp1", "ConsoleApp1\ConsoleApp1.csproj", "{6F1B6EAC-4A41-43E1-BB53-21C470A690F7}"
EndProject
Project("{2150E333-8FDC-42A3-9474-1A3956D46DE8}") = "Элементы решения", "Элементы решения", "{32063EAB-087B-43A7-B2CC-CDC0C9A75280}"
	ProjectSection(SolutionItems) = preProject
		Class1.cs = Class1.cs
	EndProjectSection
EndProject
Global
	GlobalSection(SolutionConfigurationPlatforms) = preSolution
		Debug|Any CPU = Debug|Any CPU
		Release|Any CPU = Release|Any CPU
	EndGlobalSection
	GlobalSection(ProjectConfigurationPlatforms) = postSolution
		{6F1B6EAC-4A41-43E1-BB53-21C470A690F7}.Debug|Any CPU.ActiveCfg = Debug|Any CPU
		{6F1B6EAC-4A41-43E1-BB53-21C470A690F7}.Debug|Any CPU.Build.0 = Debug|Any CPU
		{6F1B6EAC-4A41-43E1-BB53-21C470A690F7}.Release|Any CPU.ActiveCfg = Release|Any CPU
		{6F1B6EAC-4A41-43E1-BB53-21C470A690F7}.Release|Any CPU.Build.0 = Release|Any CPU
	EndGlobalSection
	GlobalSection(SolutionProperties) = preSolution
		HideSolutionNode = FALSE
	EndGlobalSection
	GlobalSection(ExtensibilityGlobals) = postSolution
		SolutionGuid = {C5950150-D6E0-4CBA-8FDF-B8DA481062CD}
	EndGlobalSection
EndGlobal
